
Microsoft Visual Studio Solution File, Format Version 12.00
# Visual Studio Version 16
VisualStudioVersion = 16.0.30204.135
MinimumVisualStudioVersion = 10.0.40219.1
Project("{FAE04EC0-301F-11D3-BF4B-00C04F79EFBC}") = "PMA_projekt", "PMA_projekt\PMA_projekt.csproj", "{DD3CD876-4CB0-4616-9AE7-4BEB3A54946D}"
EndProject
Global
	GlobalSection(SolutionConfigurationPlatforms) = preSolution
		Debug|Any CPU = Debug|Any CPU
		Release|Any CPU = Release|Any CPU
	EndGlobalSection
	GlobalSection(ProjectConfigurationPlatforms) = postSolution
		{DD3CD876-4CB0-4616-9AE7-4BEB3A54946D}.Debug|Any CPU.ActiveCfg = Debug|Any CPU
		{DD3CD876-4CB0-4616-9AE7-4BEB3A54946D}.Debug|Any CPU.Build.0 = Debug|Any CPU
		{DD3CD876-4CB0-4616-9AE7-4BEB3A54946D}.Release|Any CPU.ActiveCfg = Release|Any CPU
		{DD3CD876-4CB0-4616-9AE7-4BEB3A54946D}.Release|Any CPU.Build.0 = Release|Any CPU
	EndGlobalSection
	GlobalSection(SolutionProperties) = preSolution
		HideSolutionNode = FALSE
	EndGlobalSection
	GlobalSection(ExtensibilityGlobals) = postSolution
		SolutionGuid = {B90CA2F2-79D6-470F-9391-C7FAE06AE34D}
	EndGlobalSection
EndGlobal
